
Microsoft Visual Studio Solution File, Format Version 12.00
Project("{2150E333-8FDC-42A3-9474-1A3956D46DE8}") = "src", "src", "{005112D4-A1EB-4DB9-A4E1-3E754137CA03}"
EndProject
Project("{2150E333-8FDC-42A3-9474-1A3956D46DE8}") = "tests", "tests", "{406517A0-2D69-4F1F-90D5-50402DC8B409}"
EndProject
Project("{FAE04EC0-301F-11D3-BF4B-00C04F79EFBC}") = "Adesso.Data.Migrations", "Adesso.Data.Migrations\Adesso.Data.Migrations.csproj", "{04EBC672-A509-4D37-A3EA-2582C2B64E78}"
EndProject
Project("{2150E333-8FDC-42A3-9474-1A3956D46DE8}") = "files", "files", "{6E591F35-37E4-4C15-88C8-7744A9463CE1}"
EndProject
Project("{2150E333-8FDC-42A3-9474-1A3956D46DE8}") = "docker", "docker", "{A35F687D-4EE9-40AC-B16A-48671A26C2A4}"
	ProjectSection(SolutionItems) = preProject
		docker-compose.yml = docker-compose.yml
		PostgresDockerfile = PostgresDockerfile
	EndProjectSection
EndProject
Project("{2150E333-8FDC-42A3-9474-1A3956D46DE8}") = "scripts", "scripts", "{3DDEFBE5-AE59-4590-B1D0-A7145829DA25}"
	ProjectSection(SolutionItems) = preProject
		init.sql = init.sql
	EndProjectSection
EndProject
Project("{FAE04EC0-301F-11D3-BF4B-00C04F79EFBC}") = "Adesso.API", "Adesso.API\Adesso.API.csproj", "{C294B357-0DAF-45F9-B1EA-E510CEAB9C43}"
EndProject
Project("{FAE04EC0-301F-11D3-BF4B-00C04F79EFBC}") = "Adesso.Infrastructure", "Adesso.Infrastructure\Adesso.Infrastructure.csproj", "{76BEAD55-B77C-4561-8E9A-ECF20E7D3615}"
EndProject
Project("{FAE04EC0-301F-11D3-BF4B-00C04F79EFBC}") = "Adesso.Domain", "Adesso.Domain\Adesso.Domain.csproj", "{EE2BA816-2A07-4051-8577-DEA2395628D2}"
EndProject
Project("{FAE04EC0-301F-11D3-BF4B-00C04F79EFBC}") = "Adesso.CQRS", "Adesso.CQRS\Adesso.CQRS.csproj", "{02BF0103-60E6-4052-A606-9EC5F3D89041}"
EndProject
Project("{FAE04EC0-301F-11D3-BF4B-00C04F79EFBC}") = "Adesso.Common", "Adesso.Common\Adesso.Common.csproj", "{D69001A0-FBBA-42D5-A5D6-8F497A7D9906}"
EndProject
Project("{FAE04EC0-301F-11D3-BF4B-00C04F79EFBC}") = "Adesso.Tests", "Adesso.Tests\Adesso.Tests.csproj", "{1B1AA435-B801-44A6-B950-D627A9B58A75}"
EndProject
Global
	GlobalSection(SolutionConfigurationPlatforms) = preSolution
		Debug|Any CPU = Debug|Any CPU
		Release|Any CPU = Release|Any CPU
	EndGlobalSection
	GlobalSection(NestedProjects) = preSolution
		{04EBC672-A509-4D37-A3EA-2582C2B64E78} = {005112D4-A1EB-4DB9-A4E1-3E754137CA03}
		{A35F687D-4EE9-40AC-B16A-48671A26C2A4} = {6E591F35-37E4-4C15-88C8-7744A9463CE1}
		{3DDEFBE5-AE59-4590-B1D0-A7145829DA25} = {6E591F35-37E4-4C15-88C8-7744A9463CE1}
		{C294B357-0DAF-45F9-B1EA-E510CEAB9C43} = {005112D4-A1EB-4DB9-A4E1-3E754137CA03}
		{76BEAD55-B77C-4561-8E9A-ECF20E7D3615} = {005112D4-A1EB-4DB9-A4E1-3E754137CA03}
		{EE2BA816-2A07-4051-8577-DEA2395628D2} = {005112D4-A1EB-4DB9-A4E1-3E754137CA03}
		{02BF0103-60E6-4052-A606-9EC5F3D89041} = {005112D4-A1EB-4DB9-A4E1-3E754137CA03}
		{D69001A0-FBBA-42D5-A5D6-8F497A7D9906} = {005112D4-A1EB-4DB9-A4E1-3E754137CA03}
		{1B1AA435-B801-44A6-B950-D627A9B58A75} = {406517A0-2D69-4F1F-90D5-50402DC8B409}
	EndGlobalSection
	GlobalSection(ProjectConfigurationPlatforms) = postSolution
		{04EBC672-A509-4D37-A3EA-2582C2B64E78}.Debug|Any CPU.ActiveCfg = Debug|Any CPU
		{04EBC672-A509-4D37-A3EA-2582C2B64E78}.Debug|Any CPU.Build.0 = Debug|Any CPU
		{04EBC672-A509-4D37-A3EA-2582C2B64E78}.Release|Any CPU.ActiveCfg = Release|Any CPU
		{04EBC672-A509-4D37-A3EA-2582C2B64E78}.Release|Any CPU.Build.0 = Release|Any CPU
		{C294B357-0DAF-45F9-B1EA-E510CEAB9C43}.Debug|Any CPU.ActiveCfg = Debug|Any CPU
		{C294B357-0DAF-45F9-B1EA-E510CEAB9C43}.Debug|Any CPU.Build.0 = Debug|Any CPU
		{C294B357-0DAF-45F9-B1EA-E510CEAB9C43}.Release|Any CPU.ActiveCfg = Release|Any CPU
		{C294B357-0DAF-45F9-B1EA-E510CEAB9C43}.Release|Any CPU.Build.0 = Release|Any CPU
		{76BEAD55-B77C-4561-8E9A-ECF20E7D3615}.Debug|Any CPU.ActiveCfg = Debug|Any CPU
		{76BEAD55-B77C-4561-8E9A-ECF20E7D3615}.Debug|Any CPU.Build.0 = Debug|Any CPU
		{76BEAD55-B77C-4561-8E9A-ECF20E7D3615}.Release|Any CPU.ActiveCfg = Release|Any CPU
		{76BEAD55-B77C-4561-8E9A-ECF20E7D3615}.Release|Any CPU.Build.0 = Release|Any CPU
		{EE2BA816-2A07-4051-8577-DEA2395628D2}.Debug|Any CPU.ActiveCfg = Debug|Any CPU
		{EE2BA816-2A07-4051-8577-DEA2395628D2}.Debug|Any CPU.Build.0 = Debug|Any CPU
		{EE2BA816-2A07-4051-8577-DEA2395628D2}.Release|Any CPU.ActiveCfg = Release|Any CPU
		{EE2BA816-2A07-4051-8577-DEA2395628D2}.Release|Any CPU.Build.0 = Release|Any CPU
		{02BF0103-60E6-4052-A606-9EC5F3D89041}.Debug|Any CPU.ActiveCfg = Debug|Any CPU
		{02BF0103-60E6-4052-A606-9EC5F3D89041}.Debug|Any CPU.Build.0 = Debug|Any CPU
		{02BF0103-60E6-4052-A606-9EC5F3D89041}.Release|Any CPU.ActiveCfg = Release|Any CPU
		{02BF0103-60E6-4052-A606-9EC5F3D89041}.Release|Any CPU.Build.0 = Release|Any CPU
		{D69001A0-FBBA-42D5-A5D6-8F497A7D9906}.Debug|Any CPU.ActiveCfg = Debug|Any CPU
		{D69001A0-FBBA-42D5-A5D6-8F497A7D9906}.Debug|Any CPU.Build.0 = Debug|Any CPU
		{D69001A0-FBBA-42D5-A5D6-8F497A7D9906}.Release|Any CPU.ActiveCfg = Release|Any CPU
		{D69001A0-FBBA-42D5-A5D6-8F497A7D9906}.Release|Any CPU.Build.0 = Release|Any CPU
		{1B1AA435-B801-44A6-B950-D627A9B58A75}.Debug|Any CPU.ActiveCfg = Debug|Any CPU
		{1B1AA435-B801-44A6-B950-D627A9B58A75}.Debug|Any CPU.Build.0 = Debug|Any CPU
		{1B1AA435-B801-44A6-B950-D627A9B58A75}.Release|Any CPU.ActiveCfg = Release|Any CPU
		{1B1AA435-B801-44A6-B950-D627A9B58A75}.Release|Any CPU.Build.0 = Release|Any CPU
	EndGlobalSection
EndGlobal
